// !$*UTF8*$!
{
	archiveVersion = 1;
	classes = {
	};
	objectVersion = 46;
	objects = {

/* Begin PBXBuildFile section */
		84CB26F81E2EA51A00F480FE /* main.m in Sources */ = {isa = PBXBuildFile; fileRef = 84CB26F71E2EA51A00F480FE /* main.m */; };
		84CB27021E2EA58F00F480FE /* Arrays.m in Sources */ = {isa = PBXBuildFile; fileRef = 84CB27011E2EA58F00F480FE /* Arrays.m */; };
		84CB27051E2EB12A00F480FE /* Strings.m in Sources */ = {isa = PBXBuildFile; fileRef = 84CB27041E2EB12A00F480FE /* Strings.m */; };
		84D441DA1E313A15000E9502 /* Warmup.m in Sources */ = {isa = PBXBuildFile; fileRef = 84D441D91E313A15000E9502 /* Warmup.m */; };
/* End PBXBuildFile section */

/* Begin PBXCopyFilesBuildPhase section */
		84CB26F21E2EA51A00F480FE /* CopyFiles */ = {
			isa = PBXCopyFilesBuildPhase;
			buildActionMask = 2147483647;
			dstPath = /usr/share/man/man1/;
			dstSubfolderSpec = 0;
			files = (
			);
			runOnlyForDeploymentPostprocessing = 1;
		};
/* End PBXCopyFilesBuildPhase section */

/* Begin PBXFileReference section */
		84CB26F41E2EA51A00F480FE /* Objective-C for HackerRank */ = {isa = PBXFileReference; explicitFileType = "compiled.mach-o.executable"; includeInIndex = 0; path = "Objective-C for HackerRank"; sourceTree = BUILT_PRODUCTS_DIR; };
		84CB26F71E2EA51A00F480FE /* main.m */ = {isa = PBXFileReference; lastKnownFileType = sourcecode.c.objc; path = main.m; sourceTree = "<group>"; };
		84CB27001E2EA58F00F480FE /* Arrays.h */ = {isa = PBXFileReference; fileEncoding = 4; lastKnownFileType = sourcecode.c.h; path = Arrays.h; sourceTree = "<group>"; };
		84CB27011E2EA58F00F480FE /* Arrays.m */ = {isa = PBXFileReference; fileEncoding = 4; lastKnownFileType = sourcecode.c.objc; path = Arrays.m; sourceTree = "<group>"; };
		84CB27031E2EB12A00F480FE /* Strings.h */ = {isa = PBXFileReference; fileEncoding = 4; lastKnownFileType = sourcecode.c.h; path = Strings.h; sourceTree = "<group>"; };
		84CB27041E2EB12A00F480FE /* Strings.m */ = {isa = PBXFileReference; fileEncoding = 4; lastKnownFileType = sourcecode.c.objc; path = Strings.m; sourceTree = "<group>"; };
		84D441D81E313A15000E9502 /* Warmup.h */ = {isa = PBXFileReference; fileEncoding = 4; lastKnownFileType = sourcecode.c.h; path = Warmup.h; sourceTree = "<group>"; };
		84D441D91E313A15000E9502 /* Warmup.m */ = {isa = PBXFileReference; fileEncoding = 4; lastKnownFileType = sourcecode.c.objc; path = Warmup.m; sourceTree = "<group>"; };
/* End PBXFileReference section */

/* Begin PBXFrameworksBuildPhase section */
		84CB26F11E2EA51A00F480FE /* Frameworks */ = {
			isa = PBXFrameworksBuildPhase;
			buildActionMask = 2147483647;
			files = (
			);
			runOnlyForDeploymentPostprocessing = 0;
		};
/* End PBXFrameworksBuildPhase section */

/* Begin PBXGroup section */
		84CB26EB1E2EA51A00F480FE = {
			isa = PBXGroup;
			children = (
				84CB26F61E2EA51A00F480FE /* Objective-C for HackerRank */,
				84CB26F51E2EA51A00F480FE /* Products */,
			);
			sourceTree = "<group>";
		};
		84CB26F51E2EA51A00F480FE /* Products */ = {
			isa = PBXGroup;
			children = (
				84CB26F41E2EA51A00F480FE /* Objective-C for HackerRank */,
			);
			name = Products;
			sourceTree = "<group>";
		};
		84CB26F61E2EA51A00F480FE /* Objective-C for HackerRank */ = {
			isa = PBXGroup;
			children = (
				84CB26F71E2EA51A00F480FE /* main.m */,
				84CB27001E2EA58F00F480FE /* Arrays.h */,
				84CB27011E2EA58F00F480FE /* Arrays.m */,
				84CB27031E2EB12A00F480FE /* Strings.h */,
				84CB27041E2EB12A00F480FE /* Strings.m */,
				84D441D81E313A15000E9502 /* Warmup.h */,
				84D441D91E313A15000E9502 /* Warmup.m */,
			);
			path = "Objective-C for HackerRank";
			sourceTree = "<group>";
		};
/* End PBXGroup section */

/* Begin PBXNativeTarget section */
		84CB26F31E2EA51A00F480FE /* Objective-C for HackerRank */ = {
			isa = PBXNativeTarget;
			buildConfigurationList = 84CB26FB1E2EA51A00F480FE /* Build configuration list for PBXNativeTarget "Objective-C for HackerRank" */;
			buildPhases = (
				84CB26F01E2EA51A00F480FE /* Sources */,
				84CB26F11E2EA51A00F480FE /* Frameworks */,
				84CB26F21E2EA51A00F480FE /* CopyFiles */,
			);
			buildRules = (
			);
			dependencies = (
			);
			name = "Objective-C for HackerRank";
			productName = "Objective-C for HackerRank";
			productReference = 84CB26F41E2EA51A00F480FE /* Objective-C for HackerRank */;
			productType = "com.apple.product-type.tool";
		};
/* End PBXNativeTarget section */

/* Begin PBXProject section */
		84CB26EC1E2EA51A00F480FE /* Project object */ = {
			isa = PBXProject;
			attributes = {
				LastUpgradeCheck = 0820;
				ORGANIZATIONNAME = AAkash;
				TargetAttributes = {
					84CB26F31E2EA51A00F480FE = {
						CreatedOnToolsVersion = 8.2;
						ProvisioningStyle = Automatic;
					};
				};
			};
			buildConfigurationList = 84CB26EF1E2EA51A00F480FE /* Build configuration list for PBXProject "Objective-C for HackerRank" */;
			compatibilityVersion = "Xcode 3.2";
			developmentRegion = English;
			hasScannedForEncodings = 0;
			knownRegions = (
				en,
			);
			mainGroup = 84CB26EB1E2EA51A00F480FE;
			productRefGroup = 84CB26F51E2EA51A00F480FE /* Products */;
			projectDirPath = "";
			projectRoot = "";
			targets = (
				84CB26F31E2EA51A00F480FE /* Objective-C for HackerRank */,
			);
		};
/* End PBXProject section */

/* Begin PBXSourcesBuildPhase section */
		84CB26F01E2EA51A00F480FE /* Sources */ = {
			isa = PBXSourcesBuildPhase;
			buildActionMask = 2147483647;
			files = (
				84CB27021E2EA58F00F480FE /* Arrays.m in Sources */,
				84CB26F81E2EA51A00F480FE /* main.m in Sources */,
				84CB27051E2EB12A00F480FE /* Strings.m in Sources */,
				84D441DA1E313A15000E9502 /* Warmup.m in Sources */,
			);
			runOnlyForDeploymentPostprocessing = 0;
		};
/* End PBXSourcesBuildPhase section */

/* Begin XCBuildConfiguration section */
		84CB26F91E2EA51A00F480FE /* Debug */ = {
			isa = XCBuildConfiguration;
			buildSettings = {
				ALWAYS_SEARCH_USER_PATHS = NO;
				CLANG_ANALYZER_NONNULL = YES;
				CLANG_CXX_LANGUAGE_STANDARD = "gnu++0x";
				CLANG_CXX_LIBRARY = "libc++";
				CLANG_ENABLE_MODULES = YES;
				CLANG_ENABLE_OBJC_ARC = YES;
				CLANG_WARN_BOOL_CONVERSION = YES;
				CLANG_WARN_CONSTANT_CONVERSION = YES;
				CLANG_WARN_DIRECT_OBJC_ISA_USAGE = YES_ERROR;
				CLANG_WARN_DOCUMENTATION_COMMENTS = YES;
				CLANG_WARN_EMPTY_BODY = YES;
				CLANG_WARN_ENUM_CONVERSION = YES;
				CLANG_WARN_INFINITE_RECURSION = YES;
				CLANG_WARN_INT_CONVERSION = YES;
				CLANG_WARN_OBJC_ROOT_CLASS = YES_ERROR;
				CLANG_WARN_SUSPICIOUS_MOVE = YES;
				CLANG_WARN_UNREACHABLE_CODE = YES;
				CLANG_WARN__DUPLICATE_METHOD_MATCH = YES;
				CODE_SIGN_IDENTITY = "-";
				COPY_PHASE_STRIP = NO;
				DEBUG_INFORMATION_FORMAT = dwarf;
				ENABLE_STRICT_OBJC_MSGSEND = YES;
				ENABLE_TESTABILITY = YES;
				GCC_C_LANGUAGE_STANDARD = gnu99;
				GCC_DYNAMIC_NO_PIC = NO;
				GCC_NO_COMMON_BLOCKS = YES;
				GCC_OPTIMIZATION_LEVEL = 0;
				GCC_PREPROCESSOR_DEFINITIONS = (
					"DEBUG=1",
					"$(inherited)",
				);
				GCC_WARN_64_TO_32_BIT_CONVERSION = YES;
				GCC_WARN_ABOUT_RETURN_TYPE = YES_ERROR;
				GCC_WARN_UNDECLARED_SELECTOR = YES;
				GCC_WARN_UNINITIALIZED_AUTOS = YES_AGGRESSIVE;
				GCC_WARN_UNUSED_FUNCTION = YES;
				GCC_WARN_UNUSED_VARIABLE = YES;
				MACOSX_DEPLOYMENT_TARGET = 10.11;
				MTL_ENABLE_DEBUG_INFO = YES;
				ONLY_ACTIVE_ARCH = YES;
				SDKROOT = macosx;
			};
			name = Debug;
		};
		84CB26FA1E2EA51A00F480FE /* Release */ = {
			isa = XCBuildConfiguration;
			buildSettings = {
				ALWAYS_SEARCH_USER_PATHS = NO;
				CLANG_ANALYZER_NONNULL = YES;
				CLANG_CXX_LANGUAGE_STANDARD = "gnu++0x";
				CLANG_CXX_LIBRARY = "libc++";
				CLANG_ENABLE_MODULES = YES;
				CLANG_ENABLE_OBJC_ARC = YES;
				CLANG_WARN_BOOL_CONVERSION = YES;
				CLANG_WARN_CONSTANT_CONVERSION = YES;
				CLANG_WARN_DIRECT_OBJC_ISA_USAGE = YES_ERROR;
				CLANG_WARN_DOCUMENTATION_COMMENTS = YES;
				CLANG_WARN_EMPTY_BODY = YES;
				CLANG_WARN_ENUM_CONVERSION = YES;
				CLANG_WARN_INFINITE_RECURSION = YES;
				CLANG_WARN_INT_CONVERSION = YES;
				CLANG_WARN_OBJC_ROOT_CLASS = YES_ERROR;
				CLANG_WARN_SUSPICIOUS_MOVE = YES;
				CLANG_WARN_UNREACHABLE_CODE = YES;
				CLANG_WARN__DUPLICATE_METHOD_MATCH = YES;
				CODE_SIGN_IDENTITY = "-";
				COPY_PHASE_STRIP = NO;
				DEBUG_INFORMATION_FORMAT = "dwarf-with-dsym";
				ENABLE_NS_ASSERTIONS = NO;
				ENABLE_STRICT_OBJC_MSGSEND = YES;
				GCC_C_LANGUAGE_STANDARD = gnu99;
				GCC_NO_COMMON_BLOCKS = YES;
				GCC_WARN_64_TO_32_BIT_CONVERSION = YES;
				GCC_WARN_ABOUT_RETURN_TYPE = YES_ERROR;
				GCC_WARN_UNDECLARED_SELECTOR = YES;
				GCC_WARN_UNINITIALIZED_AUTOS = YES_AGGRESSIVE;
				GCC_WARN_UNUSED_FUNCTION = YES;
				GCC_WARN_UNUSED_VARIABLE = YES;
				MACOSX_DEPLOYMENT_TARGET = 10.11;
				MTL_ENABLE_DEBUG_INFO = NO;
				SDKROOT = macosx;
			};
			name = Release;
		};
		84CB26FC1E2EA51A00F480FE /* Debug */ = {
			isa = XCBuildConfiguration;
			buildSettings = {
				PRODUCT_NAME = "$(TARGET_NAME)";
			};
			name = Debug;
		};
		84CB26FD1E2EA51A00F480FE /* Release */ = {
			isa = XCBuildConfiguration;
			buildSettings = {
				PRODUCT_NAME = "$(TARGET_NAME)";
			};
			name = Release;
		};
/* End XCBuildConfiguration section */

/* Begin XCConfigurationList section */
		84CB26EF1E2EA51A00F480FE /* Build configuration list for PBXProject "Objective-C for HackerRank" */ = {
			isa = XCConfigurationList;
			buildConfigurations = (
				84CB26F91E2EA51A00F480FE /* Debug */,
				84CB26FA1E2EA51A00F480FE /* Release */,
			);
			defaultConfigurationIsVisible = 0;
			defaultConfigurationName = Release;
		};
		84CB26FB1E2EA51A00F480FE /* Build configuration list for PBXNativeTarget "Objective-C for HackerRank" */ = {
			isa = XCConfigurationList;
			buildConfigurations = (
				84CB26FC1E2EA51A00F480FE /* Debug */,
				84CB26FD1E2EA51A00F480FE /* Release */,
			);
			defaultConfigurationIsVisible = 0;
			defaultConfigurationName = Release;
		};
/* End XCConfigurationList section */
	};
	rootObject = 84CB26EC1E2EA51A00F480FE /* Project object */;
}
